PODS:
  - Firebase/Auth (12.7.0):
    - Firebase/CoreOnly
    - FirebaseAuth (~> 12.7.0)
  - Firebase/CoreOnly (12.7.0):
    - FirebaseCore (~> 12.7.0)
  - FirebaseAppCheckInterop (12.7.0)
  - FirebaseAuth (12.7.0):
    - FirebaseAppCheckInterop (~> 12.7.0)
    - FirebaseAuthInterop (~> 12.7.0)
    - FirebaseCore (~> 12.7.0)
    - FirebaseCoreExtension (~> 12.7.0)
    - GoogleUtilities/AppDelegateSwizzler (~> 8.1)
    - GoogleUtilities/Environment (~> 8.1)
    - GTMSessionFetcher/Core (< 6.0, >= 3.4)
    - RecaptchaInterop (~> 101.0)
  - FirebaseAuthInterop (12.7.0)
  - FirebaseCore (12.7.0):
    - FirebaseCoreInternal (~> 12.7.0)
    - GoogleUtilities/Environment (~> 8.1)
    - GoogleUtilities/Logger (~> 8.1)
  - FirebaseCoreExtension (12.7.0):
    - FirebaseCore (~> 12.7.0)
  - FirebaseCoreInternal (12.7.0):
    - "GoogleUtilities/NSData+zlib (~> 8.1)"
  - GoogleUtilities/AppDelegateSwizzler (8.1.0):
    - GoogleUtilities/Environment
    - GoogleUtilities/Logger
    - GoogleUtilities/Network
    - GoogleUtilities/Privacy
  - GoogleUtilities/Environment (8.1.0):
    - GoogleUtilities/Privacy
  - GoogleUtilities/Logger (8.1.0):
    - GoogleUtilities/Environment
    - GoogleUtilities/Privacy
  - GoogleUtilities/Network (8.1.0):
    - GoogleUtilities/Logger
    - "GoogleUtilities/NSData+zlib"
    - GoogleUtilities/Privacy
    - GoogleUtilities/Reachability
  - "GoogleUtilities/NSData+zlib (8.1.0)":
    - GoogleUtilities/Privacy
  - GoogleUtilities/Privacy (8.1.0)
  - GoogleUtilities/Reachability (8.1.0):
    - GoogleUtilities/Logger
    - GoogleUtilities/Privacy
  - GTMSessionFetcher/Core (5.0.0)
  - PurchasesHybridCommon (17.26.0):
    - RevenueCat (= 5.52.0)
  - PurchasesHybridCommonUI (17.26.0):
    - PurchasesHybridCommon (= 17.26.0)
    - RevenueCatUI (= 5.52.0)
  - RecaptchaInterop (101.0.0)
  - RevenueCat (5.52.0)
  - RevenueCatUI (5.52.0):
    - RevenueCat (= 5.52.0)

DEPENDENCIES:
  - Firebase/Auth
  - PurchasesHybridCommon (= 17.26.0)
  - PurchasesHybridCommonUI (= 17.26.0)

SPEC REPOS:
  trunk:
    - Firebase
    - FirebaseAppCheckInterop
    - FirebaseAuth
    - FirebaseAuthInterop
    - FirebaseCore
    - FirebaseCoreExtension
    - FirebaseCoreInternal
    - GoogleUtilities
    - GTMSessionFetcher
    - PurchasesHybridCommon
    - PurchasesHybridCommonUI
    - RecaptchaInterop
    - RevenueCat
    - RevenueCatUI

SPEC CHECKSUMS:
  Firebase: 2d19a10c9a2e48ac532a4303115d3fc9b2798396
  FirebaseAppCheckInterop: d58366471f1dadf2ed998b15f85c658458a10142
  FirebaseAuth: 88beaef7c688a2950541552b6dd195d22137c41a
  FirebaseAuthInterop: deb2638881b5d98c88c4371dd0de65b6110f217b
  FirebaseCore: c7b57863ce0859281a66d16ca36d665c45d332b5
  FirebaseCoreExtension: 731a5744970bcd73ad95ab2a2b8a1f46353e86dd
  FirebaseCoreInternal: 571a2dd8c975410966199623351db3a3265c874d
  GoogleUtilities: 00c88b9a86066ef77f0da2fab05f65d7768ed8e1
  GTMSessionFetcher: 02d6e866e90bc236f48a703a041dfe43e6221a29
  PurchasesHybridCommon: 93399cb2ba29164dbab79d6398e79f7723b41653
  PurchasesHybridCommonUI: ebbb750fc4592418a15a16c88061dd8734a509db
  RecaptchaInterop: 11e0b637842dfb48308d242afc3f448062325aba
  RevenueCat: 946aceaf97c1eee083dd7fad65a0e0d0c64c837e
  RevenueCatUI: 9e4a7e2ccff6b4fc9becd72b7efc9476c458e936

PODFILE CHECKSUM: a11cf0678b41064aea0f368bc041f6fd9bfb1915

COCOAPODS: 1.16.2
